
Microsoft Visual Studio Solution File, Format Version 12.00
# Visual Studio Version 17
VisualStudioVersion = 17.4.33110.190
MinimumVisualStudioVersion = 10.0.40219.1
Project("{FAE04EC0-301F-11D3-BF4B-00C04F79EFBC}") = "HobbyCards", "HobbyCards\HobbyCards.csproj", "{3DBF1B66-3F75-498B-98D7-293E82B23D3A}"
EndProject
Global
	GlobalSection(SolutionConfigurationPlatforms) = preSolution
		Debug|Any CPU = Debug|Any CPU
		Release|Any CPU = Release|Any CPU
	EndGlobalSection
	GlobalSection(ProjectConfigurationPlatforms) = postSolution
		{3DBF1B66-3F75-498B-98D7-293E82B23D3A}.Debug|Any CPU.ActiveCfg = Debug|Any CPU
		{3DBF1B66-3F75-498B-98D7-293E82B23D3A}.Debug|Any CPU.Build.0 = Debug|Any CPU
		{3DBF1B66-3F75-498B-98D7-293E82B23D3A}.Release|Any CPU.ActiveCfg = Release|Any CPU
		{3DBF1B66-3F75-498B-98D7-293E82B23D3A}.Release|Any CPU.Build.0 = Release|Any CPU
	EndGlobalSection
	GlobalSection(SolutionProperties) = preSolution
		HideSolutionNode = FALSE
	EndGlobalSection
	GlobalSection(ExtensibilityGlobals) = postSolution
		SolutionGuid = {E9D06576-09F0-4F26-8E1D-DC119AA9213D}
	EndGlobalSection
EndGlobal
